// !$*UTF8*$!
{
	archiveVersion = 1;
	classes = {
	};
	objectVersion = 50;
	objects = {

/* Begin PBXBuildFile section */
		0F022C162850954C00EAF90D /* FavoriteButton.swift in Sources */ = {isa = PBXBuildFile; fileRef = 0F022C152850954C00EAF90D /* FavoriteButton.swift */; };
		0F04158128502CD100514858 /* Landmark.swift in Sources */ = {isa = PBXBuildFile; fileRef = 0F04158028502CD100514858 /* Landmark.swift */; };
		0F041585285037AF00514858 /* ModelData.swift in Sources */ = {isa = PBXBuildFile; fileRef = 0F041584285037AF00514858 /* ModelData.swift */; };
		0F04158B2850641E00514858 /* landmarkData.json in Resources */ = {isa = PBXBuildFile; fileRef = 0F04158A2850641E00514858 /* landmarkData.json */; };
		0F04158D2850662D00514858 /* LandmarkList.swift in Sources */ = {isa = PBXBuildFile; fileRef = 0F04158C2850662D00514858 /* LandmarkList.swift */; };
		0F04158F2850717500514858 /* LandmarkRow.swift in Sources */ = {isa = PBXBuildFile; fileRef = 0F04158E2850717500514858 /* LandmarkRow.swift */; };
		0F0415912850729500514858 /* LandmarkDetail.swift in Sources */ = {isa = PBXBuildFile; fileRef = 0F0415902850729500514858 /* LandmarkDetail.swift */; };
		0FCA747F284F1839005538C6 /* Ex_LandmarksApp.swift in Sources */ = {isa = PBXBuildFile; fileRef = 0FCA747E284F1839005538C6 /* Ex_LandmarksApp.swift */; };
		0FCA7481284F1839005538C6 /* ContentView.swift in Sources */ = {isa = PBXBuildFile; fileRef = 0FCA7480284F1839005538C6 /* ContentView.swift */; };
		0FCA7483284F183B005538C6 /* Assets.xcassets in Resources */ = {isa = PBXBuildFile; fileRef = 0FCA7482284F183B005538C6 /* Assets.xcassets */; };
		0FCA7486284F183B005538C6 /* Preview Assets.xcassets in Resources */ = {isa = PBXBuildFile; fileRef = 0FCA7485284F183B005538C6 /* Preview Assets.xcassets */; };
		0FCA7491284F183B005538C6 /* Ex_LandmarksTests.swift in Sources */ = {isa = PBXBuildFile; fileRef = 0FCA7490284F183B005538C6 /* Ex_LandmarksTests.swift */; };
		0FCA749C284F183B005538C6 /* Ex_LandmarksUITests.swift in Sources */ = {isa = PBXBuildFile; fileRef = 0FCA749B284F183B005538C6 /* Ex_LandmarksUITests.swift */; };
		0FCA74AA284F2F3C005538C6 /* CircleImage.swift in Sources */ = {isa = PBXBuildFile; fileRef = 0FCA74A9284F2F3C005538C6 /* CircleImage.swift */; };
		0FCA74AC284F39CF005538C6 /* MapView.swift in Sources */ = {isa = PBXBuildFile; fileRef = 0FCA74AB284F39CF005538C6 /* MapView.swift */; };
		0FE2D82928518A8200F251A8 /* BadgeBackground.swift in Sources */ = {isa = PBXBuildFile; fileRef = 0FE2D82428518A8100F251A8 /* BadgeBackground.swift */; };
		0FE2D82A28518A8200F251A8 /* RotatedBadgeSymbol.swift in Sources */ = {isa = PBXBuildFile; fileRef = 0FE2D82528518A8200F251A8 /* RotatedBadgeSymbol.swift */; };
		0FE2D82B28518A8200F251A8 /* BadgeSymbol.swift in Sources */ = {isa = PBXBuildFile; fileRef = 0FE2D82628518A8200F251A8 /* BadgeSymbol.swift */; };
		0FE2D82C28518A8200F251A8 /* HexagonParameters.swift in Sources */ = {isa = PBXBuildFile; fileRef = 0FE2D82728518A8200F251A8 /* HexagonParameters.swift */; };
		0FE2D82D28518A8200F251A8 /* Badge.swift in Sources */ = {isa = PBXBuildFile; fileRef = 0FE2D82828518A8200F251A8 /* Badge.swift */; };
		0FE2D82F28518BEB00F251A8 /* hikeData.json in Resources */ = {isa = PBXBuildFile; fileRef = 0FE2D82E28518BEB00F251A8 /* hikeData.json */; };
		0FE2D83128518C3500F251A8 /* Hike.swift in Sources */ = {isa = PBXBuildFile; fileRef = 0FE2D83028518C3500F251A8 /* Hike.swift */; };
		0FE2D8372851909E00F251A8 /* GraphCapsule.swift in Sources */ = {isa = PBXBuildFile; fileRef = 0FE2D8332851909E00F251A8 /* GraphCapsule.swift */; };
		0FE2D8382851909E00F251A8 /* HikeDetail.swift in Sources */ = {isa = PBXBuildFile; fileRef = 0FE2D8342851909E00F251A8 /* HikeDetail.swift */; };
		0FE2D8392851909E00F251A8 /* HikeGraph.swift in Sources */ = {isa = PBXBuildFile; fileRef = 0FE2D8352851909E00F251A8 /* HikeGraph.swift */; };
		0FE2D83A2851909E00F251A8 /* HikeView.swift in Sources */ = {isa = PBXBuildFile; fileRef = 0FE2D8362851909E00F251A8 /* HikeView.swift */; };
		0FE2D83F28519B3000F251A8 /* CategoryHome.swift in Sources */ = {isa = PBXBuildFile; fileRef = 0FE2D83C28519B3000F251A8 /* CategoryHome.swift */; };
		0FE2D84028519B3000F251A8 /* CategoryItem.swift in Sources */ = {isa = PBXBuildFile; fileRef = 0FE2D83D28519B3000F251A8 /* CategoryItem.swift */; };
		0FE2D84128519B3000F251A8 /* CategoryRow.swift in Sources */ = {isa = PBXBuildFile; fileRef = 0FE2D83E28519B3000F251A8 /* CategoryRow.swift */; };
		0FE2D8452851D37100F251A8 /* Profile.swift in Sources */ = {isa = PBXBuildFile; fileRef = 0FE2D8442851D37100F251A8 /* Profile.swift */; };
		0FE2D85B2851D95A00F251A8 /* HikeBadge.swift in Sources */ = {isa = PBXBuildFile; fileRef = 0FE2D85A2851D95A00F251A8 /* HikeBadge.swift */; };
		0FE2D85D2851DA7C00F251A8 /* ProfileHost.swift in Sources */ = {isa = PBXBuildFile; fileRef = 0FE2D85C2851DA7C00F251A8 /* ProfileHost.swift */; };
		0FE2D85F2851DB2900F251A8 /* ProfileSummary.swift in Sources */ = {isa = PBXBuildFile; fileRef = 0FE2D85E2851DB2900F251A8 /* ProfileSummary.swift */; };
/* End PBXBuildFile section */

/* Begin PBXContainerItemProxy section */
		0FCA748D284F183B005538C6 /* PBXContainerItemProxy */ = {
			isa = PBXContainerItemProxy;
			containerPortal = 0FCA7473284F1839005538C6 /* Project object */;
			proxyType = 1;
			remoteGlobalIDString = 0FCA747A284F1839005538C6;
			remoteInfo = Ex_Landmarks;
		};
		0FCA7498284F183B005538C6 /* PBXContainerItemProxy */ = {
			isa = PBXContainerItemProxy;
			containerPortal = 0FCA7473284F1839005538C6 /* Project object */;
			proxyType = 1;
			remoteGlobalIDString = 0FCA747A284F1839005538C6;
			remoteInfo = Ex_Landmarks;
		};
/* End PBXContainerItemProxy section */

/* Begin PBXFileReference section */
		0F022C152850954C00EAF90D /* FavoriteButton.swift */ = {isa = PBXFileReference; lastKnownFileType = sourcecode.swift; path = FavoriteButton.swift; sourceTree = "<group>"; };
		0F04158028502CD100514858 /* Landmark.swift */ = {isa = PBXFileReference; lastKnownFileType = sourcecode.swift; name = Landmark.swift; path = Ex_Landmarks/Model/Landmark.swift; sourceTree = SOURCE_ROOT; };
		0F041584285037AF00514858 /* ModelData.swift */ = {isa = PBXFileReference; lastKnownFileType = sourcecode.swift; path = ModelData.swift; sourceTree = "<group>"; };
		0F04158A2850641E00514858 /* landmarkData.json */ = {isa = PBXFileReference; fileEncoding = 4; lastKnownFileType = text.json; path = landmarkData.json; sourceTree = "<group>"; };
		0F04158C2850662D00514858 /* LandmarkList.swift */ = {isa = PBXFileReference; lastKnownFileType = sourcecode.swift; path = LandmarkList.swift; sourceTree = "<group>"; };
		0F04158E2850717500514858 /* LandmarkRow.swift */ = {isa = PBXFileReference; lastKnownFileType = sourcecode.swift; path = LandmarkRow.swift; sourceTree = "<group>"; };
		0F0415902850729500514858 /* LandmarkDetail.swift */ = {isa = PBXFileReference; lastKnownFileType = sourcecode.swift; path = LandmarkDetail.swift; sourceTree = "<group>"; };
		0FCA747B284F1839005538C6 /* Ex_Landmarks.app */ = {isa = PBXFileReference; explicitFileType = wrapper.application; includeInIndex = 0; path = Ex_Landmarks.app; sourceTree = BUILT_PRODUCTS_DIR; };
		0FCA747E284F1839005538C6 /* Ex_LandmarksApp.swift */ = {isa = PBXFileReference; lastKnownFileType = sourcecode.swift; path = Ex_LandmarksApp.swift; sourceTree = "<group>"; };
		0FCA7480284F1839005538C6 /* ContentView.swift */ = {isa = PBXFileReference; lastKnownFileType = sourcecode.swift; path = ContentView.swift; sourceTree = "<group>"; };
		0FCA7482284F183B005538C6 /* Assets.xcassets */ = {isa = PBXFileReference; lastKnownFileType = folder.assetcatalog; path = Assets.xcassets; sourceTree = "<group>"; };
		0FCA7485284F183B005538C6 /* Preview Assets.xcassets */ = {isa = PBXFileReference; lastKnownFileType = folder.assetcatalog; path = "Preview Assets.xcassets"; sourceTree = "<group>"; };
		0FCA7487284F183B005538C6 /* Info.plist */ = {isa = PBXFileReference; lastKnownFileType = text.plist.xml; path = Info.plist; sourceTree = "<group>"; };
		0FCA748C284F183B005538C6 /* Ex_LandmarksTests.xctest */ = {isa = PBXFileReference; explicitFileType = wrapper.cfbundle; includeInIndex = 0; path = Ex_LandmarksTests.xctest; sourceTree = BUILT_PRODUCTS_DIR; };
		0FCA7490284F183B005538C6 /* Ex_LandmarksTests.swift */ = {isa = PBXFileReference; lastKnownFileType = sourcecode.swift; path = Ex_LandmarksTests.swift; sourceTree = "<group>"; };
		0FCA7492284F183B005538C6 /* Info.plist */ = {isa = PBXFileReference; lastKnownFileType = text.plist.xml; path = Info.plist; sourceTree = "<group>"; };
		0FCA7497284F183B005538C6 /* Ex_LandmarksUITests.xctest */ = {isa = PBXFileReference; explicitFileType = wrapper.cfbundle; includeInIndex = 0; path = Ex_LandmarksUITests.xctest; sourceTree = BUILT_PRODUCTS_DIR; };
		0FCA749B284F183B005538C6 /* Ex_LandmarksUITests.swift */ = {isa = PBXFileReference; lastKnownFileType = sourcecode.swift; path = Ex_LandmarksUITests.swift; sourceTree = "<group>"; };
		0FCA749D284F183B005538C6 /* Info.plist */ = {isa = PBXFileReference; lastKnownFileType = text.plist.xml; path = Info.plist; sourceTree = "<group>"; };
		0FCA74A9284F2F3C005538C6 /* CircleImage.swift */ = {isa = PBXFileReference; lastKnownFileType = sourcecode.swift; path = CircleImage.swift; sourceTree = "<group>"; };
		0FCA74AB284F39CF005538C6 /* MapView.swift */ = {isa = PBXFileReference; lastKnownFileType = sourcecode.swift; path = MapView.swift; sourceTree = "<group>"; };
		0FE2D82428518A8100F251A8 /* BadgeBackground.swift */ = {isa = PBXFileReference; fileEncoding = 4; lastKnownFileType = sourcecode.swift; path = BadgeBackground.swift; sourceTree = "<group>"; };
		0FE2D82528518A8200F251A8 /* RotatedBadgeSymbol.swift */ = {isa = PBXFileReference; fileEncoding = 4; lastKnownFileType = sourcecode.swift; path = RotatedBadgeSymbol.swift; sourceTree = "<group>"; };
		0FE2D82628518A8200F251A8 /* BadgeSymbol.swift */ = {isa = PBXFileReference; fileEncoding = 4; lastKnownFileType = sourcecode.swift; path = BadgeSymbol.swift; sourceTree = "<group>"; };
		0FE2D82728518A8200F251A8 /* HexagonParameters.swift */ = {isa = PBXFileReference; fileEncoding = 4; lastKnownFileType = sourcecode.swift; path = HexagonParameters.swift; sourceTree = "<group>"; };
		0FE2D82828518A8200F251A8 /* Badge.swift */ = {isa = PBXFileReference; fileEncoding = 4; lastKnownFileType = sourcecode.swift; path = Badge.swift; sourceTree = "<group>"; };
		0FE2D82E28518BEB00F251A8 /* hikeData.json */ = {isa = PBXFileReference; fileEncoding = 4; lastKnownFileType = text.json; path = hikeData.json; sourceTree = "<group>"; };
		0FE2D83028518C3500F251A8 /* Hike.swift */ = {isa = PBXFileReference; lastKnownFileType = sourcecode.swift; path = Hike.swift; sourceTree = "<group>"; };
		0FE2D8332851909E00F251A8 /* GraphCapsule.swift */ = {isa = PBXFileReference; fileEncoding = 4; lastKnownFileType = sourcecode.swift; path = GraphCapsule.swift; sourceTree = "<group>"; };
		0FE2D8342851909E00F251A8 /* HikeDetail.swift */ = {isa = PBXFileReference; fileEncoding = 4; lastKnownFileType = sourcecode.swift; path = HikeDetail.swift; sourceTree = "<group>"; };
		0FE2D8352851909E00F251A8 /* HikeGraph.swift */ = {isa = PBXFileReference; fileEncoding = 4; lastKnownFileType = sourcecode.swift; path = HikeGraph.swift; sourceTree = "<group>"; };
		0FE2D8362851909E00F251A8 /* HikeView.swift */ = {isa = PBXFileReference; fileEncoding = 4; lastKnownFileType = sourcecode.swift; path = HikeView.swift; sourceTree = "<group>"; };
		0FE2D83C28519B3000F251A8 /* CategoryHome.swift */ = {isa = PBXFileReference; fileEncoding = 4; lastKnownFileType = sourcecode.swift; path = CategoryHome.swift; sourceTree = "<group>"; };
		0FE2D83D28519B3000F251A8 /* CategoryItem.swift */ = {isa = PBXFileReference; fileEncoding = 4; lastKnownFileType = sourcecode.swift; path = CategoryItem.swift; sourceTree = "<group>"; };
		0FE2D83E28519B3000F251A8 /* CategoryRow.swift */ = {isa = PBXFileReference; fileEncoding = 4; lastKnownFileType = sourcecode.swift; path = CategoryRow.swift; sourceTree = "<group>"; };
		0FE2D8442851D37100F251A8 /* Profile.swift */ = {isa = PBXFileReference; lastKnownFileType = sourcecode.swift; path = Profile.swift; sourceTree = "<group>"; };
		0FE2D85A2851D95A00F251A8 /* HikeBadge.swift */ = {isa = PBXFileReference; fileEncoding = 4; lastKnownFileType = sourcecode.swift; path = HikeBadge.swift; sourceTree = "<group>"; };
		0FE2D85C2851DA7C00F251A8 /* ProfileHost.swift */ = {isa = PBXFileReference; lastKnownFileType = sourcecode.swift; path = ProfileHost.swift; sourceTree = "<group>"; };
		0FE2D85E2851DB2900F251A8 /* ProfileSummary.swift */ = {isa = PBXFileReference; lastKnownFileType = sourcecode.swift; path = ProfileSummary.swift; sourceTree = "<group>"; };
/* End PBXFileReference section */

/* Begin PBXFrameworksBuildPhase section */
		0FCA7478284F1839005538C6 /* Frameworks */ = {
			isa = PBXFrameworksBuildPhase;
			buildActionMask = 2147483647;
			files = (
			);
			runOnlyForDeploymentPostprocessing = 0;
		};
		0FCA7489284F183B005538C6 /* Frameworks */ = {
			isa = PBXFrameworksBuildPhase;
			buildActionMask = 2147483647;
			files = (
			);
			runOnlyForDeploymentPostprocessing = 0;
		};
		0FCA7494284F183B005538C6 /* Frameworks */ = {
			isa = PBXFrameworksBuildPhase;
			buildActionMask = 2147483647;
			files = (
			);
			runOnlyForDeploymentPostprocessing = 0;
		};
/* End PBXFrameworksBuildPhase section */

/* Begin PBXGroup section */
		0F022C172850984F00EAF90D /* Landmarks */ = {
			isa = PBXGroup;
			children = (
				0F0415902850729500514858 /* LandmarkDetail.swift */,
				0F04158C2850662D00514858 /* LandmarkList.swift */,
				0F04158E2850717500514858 /* LandmarkRow.swift */,
			);
			path = Landmarks;
			sourceTree = "<group>";
		};
		0F022C182850987000EAF90D /* Helpers */ = {
			isa = PBXGroup;
			children = (
				0F022C152850954C00EAF90D /* FavoriteButton.swift */,
				0FCA74AB284F39CF005538C6 /* MapView.swift */,
				0FCA74A9284F2F3C005538C6 /* CircleImage.swift */,
			);
			path = Helpers;
			sourceTree = "<group>";
		};
		0FCA7472284F1839005538C6 = {
			isa = PBXGroup;
			children = (
				0FCA747D284F1839005538C6 /* Ex_Landmarks */,
				0FCA748F284F183B005538C6 /* Ex_LandmarksTests */,
				0FCA749A284F183B005538C6 /* Ex_LandmarksUITests */,
				0FCA747C284F1839005538C6 /* Products */,
			);
			sourceTree = "<group>";
		};
		0FCA747C284F1839005538C6 /* Products */ = {
			isa = PBXGroup;
			children = (
				0FCA747B284F1839005538C6 /* Ex_Landmarks.app */,
				0FCA748C284F183B005538C6 /* Ex_LandmarksTests.xctest */,
				0FCA7497284F183B005538C6 /* Ex_LandmarksUITests.xctest */,
			);
			name = Products;
			sourceTree = "<group>";
		};
		0FCA747D284F1839005538C6 /* Ex_Landmarks */ = {
			isa = PBXGroup;
			children = (
				0FCA74B2284F49E4005538C6 /* Model */,
				0FCA74B1284F49DA005538C6 /* Views */,
				0FCA74B0284F49CE005538C6 /* Resources */,
				0FCA747E284F1839005538C6 /* Ex_LandmarksApp.swift */,
				0FCA7482284F183B005538C6 /* Assets.xcassets */,
				0FCA7487284F183B005538C6 /* Info.plist */,
				0FCA7484284F183B005538C6 /* Preview Content */,
			);
			path = Ex_Landmarks;
			sourceTree = "<group>";
		};
		0FCA7484284F183B005538C6 /* Preview Content */ = {
			isa = PBXGroup;
			children = (
				0FCA7485284F183B005538C6 /* Preview Assets.xcassets */,
			);
			path = "Preview Content";
			sourceTree = "<group>";
		};
		0FCA748F284F183B005538C6 /* Ex_LandmarksTests */ = {
			isa = PBXGroup;
			children = (
				0FCA7490284F183B005538C6 /* Ex_LandmarksTests.swift */,
				0FCA7492284F183B005538C6 /* Info.plist */,
			);
			path = Ex_LandmarksTests;
			sourceTree = "<group>";
		};
		0FCA749A284F183B005538C6 /* Ex_LandmarksUITests */ = {
			isa = PBXGroup;
			children = (
				0FCA749B284F183B005538C6 /* Ex_LandmarksUITests.swift */,
				0FCA749D284F183B005538C6 /* Info.plist */,
			);
			path = Ex_LandmarksUITests;
			sourceTree = "<group>";
		};
		0FCA74B0284F49CE005538C6 /* Resources */ = {
			isa = PBXGroup;
			children = (
				0FE2D82E28518BEB00F251A8 /* hikeData.json */,
				0F04158A2850641E00514858 /* landmarkData.json */,
			);
			path = Resources;
			sourceTree = "<group>";
		};
		0FCA74B1284F49DA005538C6 /* Views */ = {
			isa = PBXGroup;
			children = (
				0FE2D82328518A6500F251A8 /* Badges */,
				0FE2D8462851D4A800F251A8 /* Profiles */,
				0FE2D83B28519B3000F251A8 /* Categories */,
				0FE2D8322851909E00F251A8 /* Hikes */,
				0FCA7480284F1839005538C6 /* ContentView.swift */,
				0F022C182850987000EAF90D /* Helpers */,
				0F022C172850984F00EAF90D /* Landmarks */,
			);
			path = Views;
			sourceTree = "<group>";
		};
		0FCA74B2284F49E4005538C6 /* Model */ = {
			isa = PBXGroup;
			children = (
				0F041584285037AF00514858 /* ModelData.swift */,
				0F04158028502CD100514858 /* Landmark.swift */,
				0FE2D83028518C3500F251A8 /* Hike.swift */,
				0FE2D8442851D37100F251A8 /* Profile.swift */,
			);
			path = Model;
			sourceTree = "<group>";
		};
		0FE2D82328518A6500F251A8 /* Badges */ = {
			isa = PBXGroup;
			children = (
				0FE2D85A2851D95A00F251A8 /* HikeBadge.swift */,
				0FE2D82828518A8200F251A8 /* Badge.swift */,
				0FE2D82428518A8100F251A8 /* BadgeBackground.swift */,
				0FE2D82628518A8200F251A8 /* BadgeSymbol.swift */,
				0FE2D82728518A8200F251A8 /* HexagonParameters.swift */,
				0FE2D82528518A8200F251A8 /* RotatedBadgeSymbol.swift */,
			);
			path = Badges;
			sourceTree = "<group>";
		};
		0FE2D8322851909E00F251A8 /* Hikes */ = {
			isa = PBXGroup;
			children = (
				0FE2D8332851909E00F251A8 /* GraphCapsule.swift */,
				0FE2D8342851909E00F251A8 /* HikeDetail.swift */,
				0FE2D8352851909E00F251A8 /* HikeGraph.swift */,
				0FE2D8362851909E00F251A8 /* HikeView.swift */,
			);
			path = Hikes;
			sourceTree = "<group>";
		};
		0FE2D83B28519B3000F251A8 /* Categories */ = {
			isa = PBXGroup;
			children = (
				0FE2D83C28519B3000F251A8 /* CategoryHome.swift */,
				0FE2D83D28519B3000F251A8 /* CategoryItem.swift */,
				0FE2D83E28519B3000F251A8 /* CategoryRow.swift */,
			);
			path = Categories;
			sourceTree = "<group>";
		};
		0FE2D8462851D4A800F251A8 /* Profiles */ = {
			isa = PBXGroup;
			children = (
				0FE2D85C2851DA7C00F251A8 /* ProfileHost.swift */,
				0FE2D85E2851DB2900F251A8 /* ProfileSummary.swift */,
			);
			path = Profiles;
			sourceTree = "<group>";
		};
/* End PBXGroup section */

/* Begin PBXNativeTarget section */
		0FCA747A284F1839005538C6 /* Ex_Landmarks */ = {
			isa = PBXNativeTarget;
			buildConfigurationList = 0FCA74A0284F183B005538C6 /* Build configuration list for PBXNativeTarget "Ex_Landmarks" */;
			buildPhases = (
				0FCA7477284F1839005538C6 /* Sources */,
				0FCA7478284F1839005538C6 /* Frameworks */,
				0FCA7479284F1839005538C6 /* Resources */,
			);
			buildRules = (
			);
			dependencies = (
			);
			name = Ex_Landmarks;
			productName = Ex_Landmarks;
			productReference = 0FCA747B284F1839005538C6 /* Ex_Landmarks.app */;
			productType = "com.apple.product-type.application";
		};
		0FCA748B284F183B005538C6 /* Ex_LandmarksTests */ = {
			isa = PBXNativeTarget;
			buildConfigurationList = 0FCA74A3284F183B005538C6 /* Build configuration list for PBXNativeTarget "Ex_LandmarksTests" */;
			buildPhases = (
				0FCA7488284F183B005538C6 /* Sources */,
				0FCA7489284F183B005538C6 /* Frameworks */,
				0FCA748A284F183B005538C6 /* Resources */,
			);
			buildRules = (
			);
			dependencies = (
				0FCA748E284F183B005538C6 /* PBXTargetDependency */,
			);
			name = Ex_LandmarksTests;
			productName = Ex_LandmarksTests;
			productReference = 0FCA748C284F183B005538C6 /* Ex_LandmarksTests.xctest */;
			productType = "com.apple.product-type.bundle.unit-test";
		};
		0FCA7496284F183B005538C6 /* Ex_LandmarksUITests */ = {
			isa = PBXNativeTarget;
			buildConfigurationList = 0FCA74A6284F183B005538C6 /* Build configuration list for PBXNativeTarget "Ex_LandmarksUITests" */;
			buildPhases = (
				0FCA7493284F183B005538C6 /* Sources */,
				0FCA7494284F183B005538C6 /* Frameworks */,
				0FCA7495284F183B005538C6 /* Resources */,
			);
			buildRules = (
			);
			dependencies = (
				0FCA7499284F183B005538C6 /* PBXTargetDependency */,
			);
			name = Ex_LandmarksUITests;
			productName = Ex_LandmarksUITests;
			productReference = 0FCA7497284F183B005538C6 /* Ex_LandmarksUITests.xctest */;
			productType = "com.apple.product-type.bundle.ui-testing";
		};
/* End PBXNativeTarget section */

/* Begin PBXProject section */
		0FCA7473284F1839005538C6 /* Project object */ = {
			isa = PBXProject;
			attributes = {
				LastSwiftUpdateCheck = 1250;
				LastUpgradeCheck = 1250;
				TargetAttributes = {
					0FCA747A284F1839005538C6 = {
						CreatedOnToolsVersion = 12.5.1;
					};
					0FCA748B284F183B005538C6 = {
						CreatedOnToolsVersion = 12.5.1;
						TestTargetID = 0FCA747A284F1839005538C6;
					};
					0FCA7496284F183B005538C6 = {
						CreatedOnToolsVersion = 12.5.1;
						TestTargetID = 0FCA747A284F1839005538C6;
					};
				};
			};
			buildConfigurationList = 0FCA7476284F1839005538C6 /* Build configuration list for PBXProject "Ex_Landmarks" */;
			compatibilityVersion = "Xcode 9.3";
			developmentRegion = en;
			hasScannedForEncodings = 0;
			knownRegions = (
				en,
				Base,
			);
			mainGroup = 0FCA7472284F1839005538C6;
			productRefGroup = 0FCA747C284F1839005538C6 /* Products */;
			projectDirPath = "";
			projectRoot = "";
			targets = (
				0FCA747A284F1839005538C6 /* Ex_Landmarks */,
				0FCA748B284F183B005538C6 /* Ex_LandmarksTests */,
				0FCA7496284F183B005538C6 /* Ex_LandmarksUITests */,
			);
		};
/* End PBXProject section */

/* Begin PBXResourcesBuildPhase section */
		0FCA7479284F1839005538C6 /* Resources */ = {
			isa = PBXResourcesBuildPhase;
			buildActionMask = 2147483647;
			files = (
				0FE2D82F28518BEB00F251A8 /* hikeData.json in Resources */,
				0FCA7486284F183B005538C6 /* Preview Assets.xcassets in Resources */,
				0FCA7483284F183B005538C6 /* Assets.xcassets in Resources */,
				0F04158B2850641E00514858 /* landmarkData.json in Resources */,
			);
			runOnlyForDeploymentPostprocessing = 0;
		};
		0FCA748A284F183B005538C6 /* Resources */ = {
			isa = PBXResourcesBuildPhase;
			buildActionMask = 2147483647;
			files = (
			);
			runOnlyForDeploymentPostprocessing = 0;
		};
		0FCA7495284F183B005538C6 /* Resources */ = {
			isa = PBXResourcesBuildPhase;
			buildActionMask = 2147483647;
			files = (
			);
			runOnlyForDeploymentPostprocessing = 0;
		};
/* End PBXResourcesBuildPhase section */

/* Begin PBXSourcesBuildPhase section */
		0FCA7477284F1839005538C6 /* Sources */ = {
			isa = PBXSourcesBuildPhase;
			buildActionMask = 2147483647;
			files = (
				0FE2D82C28518A8200F251A8 /* HexagonParameters.swift in Sources */,
				0FE2D8452851D37100F251A8 /* Profile.swift in Sources */,
				0FE2D83F28519B3000F251A8 /* CategoryHome.swift in Sources */,
				0FE2D82D28518A8200F251A8 /* Badge.swift in Sources */,
				0FE2D85B2851D95A00F251A8 /* HikeBadge.swift in Sources */,
				0FE2D85D2851DA7C00F251A8 /* ProfileHost.swift in Sources */,
				0FCA7481284F1839005538C6 /* ContentView.swift in Sources */,
				0FE2D8372851909E00F251A8 /* GraphCapsule.swift in Sources */,
				0FE2D8392851909E00F251A8 /* HikeGraph.swift in Sources */,
				0FE2D84128519B3000F251A8 /* CategoryRow.swift in Sources */,
				0FCA74AC284F39CF005538C6 /* MapView.swift in Sources */,
				0FE2D85F2851DB2900F251A8 /* ProfileSummary.swift in Sources */,
				0FCA747F284F1839005538C6 /* Ex_LandmarksApp.swift in Sources */,
				0F022C162850954C00EAF90D /* FavoriteButton.swift in Sources */,
				0FE2D83128518C3500F251A8 /* Hike.swift in Sources */,
				0F04158D2850662D00514858 /* LandmarkList.swift in Sources */,
				0FE2D82B28518A8200F251A8 /* BadgeSymbol.swift in Sources */,
				0F0415912850729500514858 /* LandmarkDetail.swift in Sources */,
				0FE2D8382851909E00F251A8 /* HikeDetail.swift in Sources */,
				0FE2D83A2851909E00F251A8 /* HikeView.swift in Sources */,
				0FE2D82928518A8200F251A8 /* BadgeBackground.swift in Sources */,
				0FCA74AA284F2F3C005538C6 /* CircleImage.swift in Sources */,
				0F04158128502CD100514858 /* Landmark.swift in Sources */,
				0F04158F2850717500514858 /* LandmarkRow.swift in Sources */,
				0F041585285037AF00514858 /* ModelData.swift in Sources */,
				0FE2D84028519B3000F251A8 /* CategoryItem.swift in Sources */,
				0FE2D82A28518A8200F251A8 /* RotatedBadgeSymbol.swift in Sources */,
			);
			runOnlyForDeploymentPostprocessing = 0;
		};
		0FCA7488284F183B005538C6 /* Sources */ = {
			isa = PBXSourcesBuildPhase;
			buildActionMask = 2147483647;
			files = (
				0FCA7491284F183B005538C6 /* Ex_LandmarksTests.swift in Sources */,
			);
			runOnlyForDeploymentPostprocessing = 0;
		};
		0FCA7493284F183B005538C6 /* Sources */ = {
			isa = PBXSourcesBuildPhase;
			buildActionMask = 2147483647;
			files = (
				0FCA749C284F183B005538C6 /* Ex_LandmarksUITests.swift in Sources */,
			);
			runOnlyForDeploymentPostprocessing = 0;
		};
/* End PBXSourcesBuildPhase section */

/* Begin PBXTargetDependency section */
		0FCA748E284F183B005538C6 /* PBXTargetDependency */ = {
			isa = PBXTargetDependency;
			target = 0FCA747A284F1839005538C6 /* Ex_Landmarks */;
			targetProxy = 0FCA748D284F183B005538C6 /* PBXContainerItemProxy */;
		};
		0FCA7499284F183B005538C6 /* PBXTargetDependency */ = {
			isa = PBXTargetDependency;
			target = 0FCA747A284F1839005538C6 /* Ex_Landmarks */;
			targetProxy = 0FCA7498284F183B005538C6 /* PBXContainerItemProxy */;
		};
/* End PBXTargetDependency section */

/* Begin XCBuildConfiguration section */
		0FCA749E284F183B005538C6 /* Debug */ = {
			isa = XCBuildConfiguration;
			buildSettings = {
				ALWAYS_SEARCH_USER_PATHS = NO;
				CLANG_ANALYZER_NONNULL = YES;
				CLANG_ANALYZER_NUMBER_OBJECT_CONVERSION = YES_AGGRESSIVE;
				CLANG_CXX_LANGUAGE_STANDARD = "gnu++14";
				CLANG_CXX_LIBRARY = "libc++";
				CLANG_ENABLE_MODULES = YES;
				CLANG_ENABLE_OBJC_ARC = YES;
				CLANG_ENABLE_OBJC_WEAK = YES;
				CLANG_WARN_BLOCK_CAPTURE_AUTORELEASING = YES;
				CLANG_WARN_BOOL_CONVERSION = YES;
				CLANG_WARN_COMMA = YES;
				CLANG_WARN_CONSTANT_CONVERSION = YES;
				CLANG_WARN_DEPRECATED_OBJC_IMPLEMENTATIONS = YES;
				CLANG_WARN_DIRECT_OBJC_ISA_USAGE = YES_ERROR;
				CLANG_WARN_DOCUMENTATION_COMMENTS = YES;
				CLANG_WARN_EMPTY_BODY = YES;
				CLANG_WARN_ENUM_CONVERSION = YES;
				CLANG_WARN_INFINITE_RECURSION = YES;
				CLANG_WARN_INT_CONVERSION = YES;
				CLANG_WARN_NON_LITERAL_NULL_CONVERSION = YES;
				CLANG_WARN_OBJC_IMPLICIT_RETAIN_SELF = YES;
				CLANG_WARN_OBJC_LITERAL_CONVERSION = YES;
				CLANG_WARN_OBJC_ROOT_CLASS = YES_ERROR;
				CLANG_WARN_QUOTED_INCLUDE_IN_FRAMEWORK_HEADER = YES;
				CLANG_WARN_RANGE_LOOP_ANALYSIS = YES;
				CLANG_WARN_STRICT_PROTOTYPES = YES;
				CLANG_WARN_SUSPICIOUS_MOVE = YES;
				CLANG_WARN_UNGUARDED_AVAILABILITY = YES_AGGRESSIVE;
				CLANG_WARN_UNREACHABLE_CODE = YES;
				CLANG_WARN__DUPLICATE_METHOD_MATCH = YES;
				COPY_PHASE_STRIP = NO;
				DEBUG_INFORMATION_FORMAT = dwarf;
				ENABLE_STRICT_OBJC_MSGSEND = YES;
				ENABLE_TESTABILITY = YES;
				GCC_C_LANGUAGE_STANDARD = gnu11;
				GCC_DYNAMIC_NO_PIC = NO;
				GCC_NO_COMMON_BLOCKS = YES;
				GCC_OPTIMIZATION_LEVEL = 0;
				GCC_PREPROCESSOR_DEFINITIONS = (
					"DEBUG=1",
					"$(inherited)",
				);
				GCC_WARN_64_TO_32_BIT_CONVERSION = YES;
				GCC_WARN_ABOUT_RETURN_TYPE = YES_ERROR;
				GCC_WARN_UNDECLARED_SELECTOR = YES;
				GCC_WARN_UNINITIALIZED_AUTOS = YES_AGGRESSIVE;
				GCC_WARN_UNUSED_FUNCTION = YES;
				GCC_WARN_UNUSED_VARIABLE = YES;
				IPHONEOS_DEPLOYMENT_TARGET = 14.5;
				MTL_ENABLE_DEBUG_INFO = INCLUDE_SOURCE;
				MTL_FAST_MATH = YES;
				ONLY_ACTIVE_ARCH = YES;
				SDKROOT = iphoneos;
				SWIFT_ACTIVE_COMPILATION_CONDITIONS = DEBUG;
				SWIFT_OPTIMIZATION_LEVEL = "-Onone";
			};
			name = Debug;
		};
		0FCA749F284F183B005538C6 /* Release */ = {
			isa = XCBuildConfiguration;
			buildSettings = {
				ALWAYS_SEARCH_USER_PATHS = NO;
				CLANG_ANALYZER_NONNULL = YES;
				CLANG_ANALYZER_NUMBER_OBJECT_CONVERSION = YES_AGGRESSIVE;
				CLANG_CXX_LANGUAGE_STANDARD = "gnu++14";
				CLANG_CXX_LIBRARY = "libc++";
				CLANG_ENABLE_MODULES = YES;
				CLANG_ENABLE_OBJC_ARC = YES;
				CLANG_ENABLE_OBJC_WEAK = YES;
				CLANG_WARN_BLOCK_CAPTURE_AUTORELEASING = YES;
				CLANG_WARN_BOOL_CONVERSION = YES;
				CLANG_WARN_COMMA = YES;
				CLANG_WARN_CONSTANT_CONVERSION = YES;
				CLANG_WARN_DEPRECATED_OBJC_IMPLEMENTATIONS = YES;
				CLANG_WARN_DIRECT_OBJC_ISA_USAGE = YES_ERROR;
				CLANG_WARN_DOCUMENTATION_COMMENTS = YES;
				CLANG_WARN_EMPTY_BODY = YES;
				CLANG_WARN_ENUM_CONVERSION = YES;
				CLANG_WARN_INFINITE_RECURSION = YES;
				CLANG_WARN_INT_CONVERSION = YES;
				CLANG_WARN_NON_LITERAL_NULL_CONVERSION = YES;
				CLANG_WARN_OBJC_IMPLICIT_RETAIN_SELF = YES;
				CLANG_WARN_OBJC_LITERAL_CONVERSION = YES;
				CLANG_WARN_OBJC_ROOT_CLASS = YES_ERROR;
				CLANG_WARN_QUOTED_INCLUDE_IN_FRAMEWORK_HEADER = YES;
				CLANG_WARN_RANGE_LOOP_ANALYSIS = YES;
				CLANG_WARN_STRICT_PROTOTYPES = YES;
				CLANG_WARN_SUSPICIOUS_MOVE = YES;
				CLANG_WARN_UNGUARDED_AVAILABILITY = YES_AGGRESSIVE;
				CLANG_WARN_UNREACHABLE_CODE = YES;
				CLANG_WARN__DUPLICATE_METHOD_MATCH = YES;
				COPY_PHASE_STRIP = NO;
				DEBUG_INFORMATION_FORMAT = "dwarf-with-dsym";
				ENABLE_NS_ASSERTIONS = NO;
				ENABLE_STRICT_OBJC_MSGSEND = YES;
				GCC_C_LANGUAGE_STANDARD = gnu11;
				GCC_NO_COMMON_BLOCKS = YES;
				GCC_WARN_64_TO_32_BIT_CONVERSION = YES;
				GCC_WARN_ABOUT_RETURN_TYPE = YES_ERROR;
				GCC_WARN_UNDECLARED_SELECTOR = YES;
				GCC_WARN_UNINITIALIZED_AUTOS = YES_AGGRESSIVE;
				GCC_WARN_UNUSED_FUNCTION = YES;
				GCC_WARN_UNUSED_VARIABLE = YES;
				IPHONEOS_DEPLOYMENT_TARGET = 14.5;
				MTL_ENABLE_DEBUG_INFO = NO;
				MTL_FAST_MATH = YES;
				SDKROOT = iphoneos;
				SWIFT_COMPILATION_MODE = wholemodule;
				SWIFT_OPTIMIZATION_LEVEL = "-O";
				VALIDATE_PRODUCT = YES;
			};
			name = Release;
		};
		0FCA74A1284F183B005538C6 /* Debug */ = {
			isa = XCBuildConfiguration;
			buildSettings = {
				ASSETCATALOG_COMPILER_APPICON_NAME = AppIcon;
				ASSETCATALOG_COMPILER_GLOBAL_ACCENT_COLOR_NAME = AccentColor;
				CODE_SIGN_STYLE = Automatic;
				DEVELOPMENT_ASSET_PATHS = "\"Ex_Landmarks/Preview Content\"";
				DEVELOPMENT_TEAM = R3STSY8BBX;
				ENABLE_PREVIEWS = YES;
				INFOPLIST_FILE = Ex_Landmarks/Info.plist;
				IPHONEOS_DEPLOYMENT_TARGET = 14.0;
				LD_RUNPATH_SEARCH_PATHS = (
					"$(inherited)",
					"@executable_path/Frameworks",
				);
				MARKETING_VERSION = 1.0.0;
				PRODUCT_BUNDLE_IDENTIFIER = "com.jjglobal.Ex-Landmarks";
				PRODUCT_NAME = "$(TARGET_NAME)";
				SWIFT_VERSION = 5.0;
				TARGETED_DEVICE_FAMILY = "1,2";
			};
			name = Debug;
		};
		0FCA74A2284F183B005538C6 /* Release */ = {
			isa = XCBuildConfiguration;
			buildSettings = {
				ASSETCATALOG_COMPILER_APPICON_NAME = AppIcon;
				ASSETCATALOG_COMPILER_GLOBAL_ACCENT_COLOR_NAME = AccentColor;
				CODE_SIGN_STYLE = Automatic;
				DEVELOPMENT_ASSET_PATHS = "\"Ex_Landmarks/Preview Content\"";
				DEVELOPMENT_TEAM = R3STSY8BBX;
				ENABLE_PREVIEWS = YES;
				INFOPLIST_FILE = Ex_Landmarks/Info.plist;
				IPHONEOS_DEPLOYMENT_TARGET = 14.0;
				LD_RUNPATH_SEARCH_PATHS = (
					"$(inherited)",
					"@executable_path/Frameworks",
				);
				MARKETING_VERSION = 1.0.0;
				PRODUCT_BUNDLE_IDENTIFIER = "com.jjglobal.Ex-Landmarks";
				PRODUCT_NAME = "$(TARGET_NAME)";
				SWIFT_VERSION = 5.0;
				TARGETED_DEVICE_FAMILY = "1,2";
			};
			name = Release;
		};
		0FCA74A4284F183B005538C6 /* Debug */ = {
			isa = XCBuildConfiguration;
			buildSettings = {
				ALWAYS_EMBED_SWIFT_STANDARD_LIBRARIES = YES;
				BUNDLE_LOADER = "$(TEST_HOST)";
				CODE_SIGN_STYLE = Automatic;
				DEVELOPMENT_TEAM = R3STSY8BBX;
				INFOPLIST_FILE = Ex_LandmarksTests/Info.plist;
				IPHONEOS_DEPLOYMENT_TARGET = 14.0;
				LD_RUNPATH_SEARCH_PATHS = (
					"$(inherited)",
					"@executable_path/Frameworks",
					"@loader_path/Frameworks",
				);
				PRODUCT_BUNDLE_IDENTIFIER = "com.jjglobal.Ex-LandmarksTests";
				PRODUCT_NAME = "$(TARGET_NAME)";
				SWIFT_VERSION = 5.0;
				TARGETED_DEVICE_FAMILY = "1,2";
				TEST_HOST = "$(BUILT_PRODUCTS_DIR)/Ex_Landmarks.app/Ex_Landmarks";
			};
			name = Debug;
		};
		0FCA74A5284F183B005538C6 /* Release */ = {
			isa = XCBuildConfiguration;
			buildSettings = {
				ALWAYS_EMBED_SWIFT_STANDARD_LIBRARIES = YES;
				BUNDLE_LOADER = "$(TEST_HOST)";
				CODE_SIGN_STYLE = Automatic;
				DEVELOPMENT_TEAM = R3STSY8BBX;
				INFOPLIST_FILE = Ex_LandmarksTests/Info.plist;
				IPHONEOS_DEPLOYMENT_TARGET = 14.0;
				LD_RUNPATH_SEARCH_PATHS = (
					"$(inherited)",
					"@executable_path/Frameworks",
					"@loader_path/Frameworks",
				);
				PRODUCT_BUNDLE_IDENTIFIER = "com.jjglobal.Ex-LandmarksTests";
				PRODUCT_NAME = "$(TARGET_NAME)";
				SWIFT_VERSION = 5.0;
				TARGETED_DEVICE_FAMILY = "1,2";
				TEST_HOST = "$(BUILT_PRODUCTS_DIR)/Ex_Landmarks.app/Ex_Landmarks";
			};
			name = Release;
		};
		0FCA74A7284F183B005538C6 /* Debug */ = {
			isa = XCBuildConfiguration;
			buildSettings = {
				ALWAYS_EMBED_SWIFT_STANDARD_LIBRARIES = YES;
				CODE_SIGN_STYLE = Automatic;
				DEVELOPMENT_TEAM = R3STSY8BBX;
				INFOPLIST_FILE = Ex_LandmarksUITests/Info.plist;
				LD_RUNPATH_SEARCH_PATHS = (
					"$(inherited)",
					"@executable_path/Frameworks",
					"@loader_path/Frameworks",
				);
				PRODUCT_BUNDLE_IDENTIFIER = "com.jjglobal.Ex-LandmarksUITests";
				PRODUCT_NAME = "$(TARGET_NAME)";
				SWIFT_VERSION = 5.0;
				TARGETED_DEVICE_FAMILY = "1,2";
				TEST_TARGET_NAME = Ex_Landmarks;
			};
			name = Debug;
		};
		0FCA74A8284F183B005538C6 /* Release */ = {
			isa = XCBuildConfiguration;
			buildSettings = {
				ALWAYS_EMBED_SWIFT_STANDARD_LIBRARIES = YES;
				CODE_SIGN_STYLE = Automatic;
				DEVELOPMENT_TEAM = R3STSY8BBX;
				INFOPLIST_FILE = Ex_LandmarksUITests/Info.plist;
				LD_RUNPATH_SEARCH_PATHS = (
					"$(inherited)",
					"@executable_path/Frameworks",
					"@loader_path/Frameworks",
				);
				PRODUCT_BUNDLE_IDENTIFIER = "com.jjglobal.Ex-LandmarksUITests";
				PRODUCT_NAME = "$(TARGET_NAME)";
				SWIFT_VERSION = 5.0;
				TARGETED_DEVICE_FAMILY = "1,2";
				TEST_TARGET_NAME = Ex_Landmarks;
			};
			name = Release;
		};
/* End XCBuildConfiguration section */

/* Begin XCConfigurationList section */
		0FCA7476284F1839005538C6 /* Build configuration list for PBXProject "Ex_Landmarks" */ = {
			isa = XCConfigurationList;
			buildConfigurations = (
				0FCA749E284F183B005538C6 /* Debug */,
				0FCA749F284F183B005538C6 /* Release */,
			);
			defaultConfigurationIsVisible = 0;
			defaultConfigurationName = Release;
		};
		0FCA74A0284F183B005538C6 /* Build configuration list for PBXNativeTarget "Ex_Landmarks" */ = {
			isa = XCConfigurationList;
			buildConfigurations = (
				0FCA74A1284F183B005538C6 /* Debug */,
				0FCA74A2284F183B005538C6 /* Release */,
			);
			defaultConfigurationIsVisible = 0;
			defaultConfigurationName = Release;
		};
		0FCA74A3284F183B005538C6 /* Build configuration list for PBXNativeTarget "Ex_LandmarksTests" */ = {
			isa = XCConfigurationList;
			buildConfigurations = (
				0FCA74A4284F183B005538C6 /* Debug */,
				0FCA74A5284F183B005538C6 /* Release */,
			);
			defaultConfigurationIsVisible = 0;
			defaultConfigurationName = Release;
		};
		0FCA74A6284F183B005538C6 /* Build configuration list for PBXNativeTarget "Ex_LandmarksUITests" */ = {
			isa = XCConfigurationList;
			buildConfigurations = (
				0FCA74A7284F183B005538C6 /* Debug */,
				0FCA74A8284F183B005538C6 /* Release */,
			);
			defaultConfigurationIsVisible = 0;
			defaultConfigurationName = Release;
		};
/* End XCConfigurationList section */
	};
	rootObject = 0FCA7473284F1839005538C6 /* Project object */;
}
