// !$*UTF8*$!
{
	archiveVersion = 1;
	classes = {
	};
	objectVersion = 55;
	objects = {

/* Begin PBXBuildFile section */
		0FE474CF29E7CA24003281BF /* ScanHistoryController.swift in Sources */ = {isa = PBXBuildFile; fileRef = 0FE474CE29E7CA24003281BF /* ScanHistoryController.swift */; };
		0FE474D129E7F972003281BF /* PaddingLabel.swift in Sources */ = {isa = PBXBuildFile; fileRef = 0FE474D029E7F972003281BF /* PaddingLabel.swift */; };
		0FFAA27629D53630007E415F /* AppDelegate.swift in Sources */ = {isa = PBXBuildFile; fileRef = 0FFAA27529D53630007E415F /* AppDelegate.swift */; };
		0FFAA27A29D53630007E415F /* ReminderListViewController.swift in Sources */ = {isa = PBXBuildFile; fileRef = 0FFAA27929D53630007E415F /* ReminderListViewController.swift */; };
		0FFAA27F29D53632007E415F /* Assets.xcassets in Resources */ = {isa = PBXBuildFile; fileRef = 0FFAA27E29D53632007E415F /* Assets.xcassets */; };
		0FFAA28229D53632007E415F /* LaunchScreen.storyboard in Resources */ = {isa = PBXBuildFile; fileRef = 0FFAA28029D53632007E415F /* LaunchScreen.storyboard */; };
		0FFAA28D29D53632007E415F /* ex01Tests.swift in Sources */ = {isa = PBXBuildFile; fileRef = 0FFAA28C29D53632007E415F /* ex01Tests.swift */; };
		0FFAA29729D53632007E415F /* ex01UITests.swift in Sources */ = {isa = PBXBuildFile; fileRef = 0FFAA29629D53632007E415F /* ex01UITests.swift */; };
		0FFAA29929D53632007E415F /* ex01UITestsLaunchTests.swift in Sources */ = {isa = PBXBuildFile; fileRef = 0FFAA29829D53632007E415F /* ex01UITestsLaunchTests.swift */; };
		0FFAA2A929D54E97007E415F /* Reminder.swift in Sources */ = {isa = PBXBuildFile; fileRef = 0FFAA2A829D54E97007E415F /* Reminder.swift */; };
		0FFAA2B529E690C9007E415F /* Main.storyboard in Resources */ = {isa = PBXBuildFile; fileRef = 0FFAA2B429E690C9007E415F /* Main.storyboard */; };
		0FFAA2B729E69EF7007E415F /* ScannerViewController.swift in Sources */ = {isa = PBXBuildFile; fileRef = 0FFAA2B629E69EF7007E415F /* ScannerViewController.swift */; };
		6AA87958D69E2C153D491BB6 /* Pods_ex01.framework in Frameworks */ = {isa = PBXBuildFile; fileRef = 18B9E99BFDD6295D665C81D0 /* Pods_ex01.framework */; };
		DF9DDEB0CB61A9CCF7602211 /* Pods_ex01_ex01UITests.framework in Frameworks */ = {isa = PBXBuildFile; fileRef = FC3E4F9997C94CCCE6A0F45B /* Pods_ex01_ex01UITests.framework */; };
		E060EC40540AC276094D72BC /* Pods_ex01Tests.framework in Frameworks */ = {isa = PBXBuildFile; fileRef = 2EC200CD3DF487959FC792B3 /* Pods_ex01Tests.framework */; };
/* End PBXBuildFile section */

/* Begin PBXContainerItemProxy section */
		0FFAA28929D53632007E415F /* PBXContainerItemProxy */ = {
			isa = PBXContainerItemProxy;
			containerPortal = 0FFAA26A29D53630007E415F /* Project object */;
			proxyType = 1;
			remoteGlobalIDString = 0FFAA27129D53630007E415F;
			remoteInfo = ex01;
		};
		0FFAA29329D53632007E415F /* PBXContainerItemProxy */ = {
			isa = PBXContainerItemProxy;
			containerPortal = 0FFAA26A29D53630007E415F /* Project object */;
			proxyType = 1;
			remoteGlobalIDString = 0FFAA27129D53630007E415F;
			remoteInfo = ex01;
		};
/* End PBXContainerItemProxy section */

/* Begin PBXFileReference section */
		0FE474CE29E7CA24003281BF /* ScanHistoryController.swift */ = {isa = PBXFileReference; lastKnownFileType = sourcecode.swift; path = ScanHistoryController.swift; sourceTree = "<group>"; };
		0FE474D029E7F972003281BF /* PaddingLabel.swift */ = {isa = PBXFileReference; lastKnownFileType = sourcecode.swift; path = PaddingLabel.swift; sourceTree = "<group>"; };
		0FFAA27229D53630007E415F /* ex01.app */ = {isa = PBXFileReference; explicitFileType = wrapper.application; includeInIndex = 0; path = ex01.app; sourceTree = BUILT_PRODUCTS_DIR; };
		0FFAA27529D53630007E415F /* AppDelegate.swift */ = {isa = PBXFileReference; lastKnownFileType = sourcecode.swift; path = AppDelegate.swift; sourceTree = "<group>"; };
		0FFAA27929D53630007E415F /* ReminderListViewController.swift */ = {isa = PBXFileReference; lastKnownFileType = sourcecode.swift; path = ReminderListViewController.swift; sourceTree = "<group>"; };
		0FFAA27E29D53632007E415F /* Assets.xcassets */ = {isa = PBXFileReference; lastKnownFileType = folder.assetcatalog; path = Assets.xcassets; sourceTree = "<group>"; };
		0FFAA28129D53632007E415F /* Base */ = {isa = PBXFileReference; lastKnownFileType = file.storyboard; name = Base; path = Base.lproj/LaunchScreen.storyboard; sourceTree = "<group>"; };
		0FFAA28329D53632007E415F /* Info.plist */ = {isa = PBXFileReference; lastKnownFileType = text.plist.xml; path = Info.plist; sourceTree = "<group>"; };
		0FFAA28829D53632007E415F /* ex01Tests.xctest */ = {isa = PBXFileReference; explicitFileType = wrapper.cfbundle; includeInIndex = 0; path = ex01Tests.xctest; sourceTree = BUILT_PRODUCTS_DIR; };
		0FFAA28C29D53632007E415F /* ex01Tests.swift */ = {isa = PBXFileReference; lastKnownFileType = sourcecode.swift; path = ex01Tests.swift; sourceTree = "<group>"; };
		0FFAA29229D53632007E415F /* ex01UITests.xctest */ = {isa = PBXFileReference; explicitFileType = wrapper.cfbundle; includeInIndex = 0; path = ex01UITests.xctest; sourceTree = BUILT_PRODUCTS_DIR; };
		0FFAA29629D53632007E415F /* ex01UITests.swift */ = {isa = PBXFileReference; lastKnownFileType = sourcecode.swift; path = ex01UITests.swift; sourceTree = "<group>"; };
		0FFAA29829D53632007E415F /* ex01UITestsLaunchTests.swift */ = {isa = PBXFileReference; lastKnownFileType = sourcecode.swift; path = ex01UITestsLaunchTests.swift; sourceTree = "<group>"; };
		0FFAA2A829D54E97007E415F /* Reminder.swift */ = {isa = PBXFileReference; lastKnownFileType = sourcecode.swift; path = Reminder.swift; sourceTree = "<group>"; };
		0FFAA2B429E690C9007E415F /* Main.storyboard */ = {isa = PBXFileReference; lastKnownFileType = file.storyboard; path = Main.storyboard; sourceTree = "<group>"; };
		0FFAA2B629E69EF7007E415F /* ScannerViewController.swift */ = {isa = PBXFileReference; lastKnownFileType = sourcecode.swift; path = ScannerViewController.swift; sourceTree = "<group>"; };
		18B9E99BFDD6295D665C81D0 /* Pods_ex01.framework */ = {isa = PBXFileReference; explicitFileType = wrapper.framework; includeInIndex = 0; path = Pods_ex01.framework; sourceTree = BUILT_PRODUCTS_DIR; };
		298E4AC7277413CB2A620722 /* Pods-ex01.debug.xcconfig */ = {isa = PBXFileReference; includeInIndex = 1; lastKnownFileType = text.xcconfig; name = "Pods-ex01.debug.xcconfig"; path = "Target Support Files/Pods-ex01/Pods-ex01.debug.xcconfig"; sourceTree = "<group>"; };
		2EC200CD3DF487959FC792B3 /* Pods_ex01Tests.framework */ = {isa = PBXFileReference; explicitFileType = wrapper.framework; includeInIndex = 0; path = Pods_ex01Tests.framework; sourceTree = BUILT_PRODUCTS_DIR; };
		4EF7966E0111A0252EC0E3A8 /* Pods-ex01.release.xcconfig */ = {isa = PBXFileReference; includeInIndex = 1; lastKnownFileType = text.xcconfig; name = "Pods-ex01.release.xcconfig"; path = "Target Support Files/Pods-ex01/Pods-ex01.release.xcconfig"; sourceTree = "<group>"; };
		641134A44E5C7391F0975594 /* Pods-ex01-ex01UITests.release.xcconfig */ = {isa = PBXFileReference; includeInIndex = 1; lastKnownFileType = text.xcconfig; name = "Pods-ex01-ex01UITests.release.xcconfig"; path = "Target Support Files/Pods-ex01-ex01UITests/Pods-ex01-ex01UITests.release.xcconfig"; sourceTree = "<group>"; };
		7DA688884776E1B968523EA5 /* Pods-ex01-ex01UITests.debug.xcconfig */ = {isa = PBXFileReference; includeInIndex = 1; lastKnownFileType = text.xcconfig; name = "Pods-ex01-ex01UITests.debug.xcconfig"; path = "Target Support Files/Pods-ex01-ex01UITests/Pods-ex01-ex01UITests.debug.xcconfig"; sourceTree = "<group>"; };
		B37BD3CBEB05A7AFB5EFAB75 /* Pods-ex01Tests.debug.xcconfig */ = {isa = PBXFileReference; includeInIndex = 1; lastKnownFileType = text.xcconfig; name = "Pods-ex01Tests.debug.xcconfig"; path = "Target Support Files/Pods-ex01Tests/Pods-ex01Tests.debug.xcconfig"; sourceTree = "<group>"; };
		CFD68376C1CA15C7FE5BD111 /* Pods-ex01Tests.release.xcconfig */ = {isa = PBXFileReference; includeInIndex = 1; lastKnownFileType = text.xcconfig; name = "Pods-ex01Tests.release.xcconfig"; path = "Target Support Files/Pods-ex01Tests/Pods-ex01Tests.release.xcconfig"; sourceTree = "<group>"; };
		FC3E4F9997C94CCCE6A0F45B /* Pods_ex01_ex01UITests.framework */ = {isa = PBXFileReference; explicitFileType = wrapper.framework; includeInIndex = 0; path = Pods_ex01_ex01UITests.framework; sourceTree = BUILT_PRODUCTS_DIR; };
/* End PBXFileReference section */

/* Begin PBXFrameworksBuildPhase section */
		0FFAA26F29D53630007E415F /* Frameworks */ = {
			isa = PBXFrameworksBuildPhase;
			buildActionMask = 2147483647;
			files = (
				6AA87958D69E2C153D491BB6 /* Pods_ex01.framework in Frameworks */,
			);
			runOnlyForDeploymentPostprocessing = 0;
		};
		0FFAA28529D53632007E415F /* Frameworks */ = {
			isa = PBXFrameworksBuildPhase;
			buildActionMask = 2147483647;
			files = (
				E060EC40540AC276094D72BC /* Pods_ex01Tests.framework in Frameworks */,
			);
			runOnlyForDeploymentPostprocessing = 0;
		};
		0FFAA28F29D53632007E415F /* Frameworks */ = {
			isa = PBXFrameworksBuildPhase;
			buildActionMask = 2147483647;
			files = (
				DF9DDEB0CB61A9CCF7602211 /* Pods_ex01_ex01UITests.framework in Frameworks */,
			);
			runOnlyForDeploymentPostprocessing = 0;
		};
/* End PBXFrameworksBuildPhase section */

/* Begin PBXGroup section */
		0FFAA26929D53630007E415F = {
			isa = PBXGroup;
			children = (
				0FFAA27429D53630007E415F /* ex01 */,
				0FFAA28B29D53632007E415F /* ex01Tests */,
				0FFAA29529D53632007E415F /* ex01UITests */,
				0FFAA27329D53630007E415F /* Products */,
				2088EFE9B5BAB1BCA6DE6D82 /* Pods */,
				C74DCB2A1C4501668AB025AF /* Frameworks */,
			);
			sourceTree = "<group>";
		};
		0FFAA27329D53630007E415F /* Products */ = {
			isa = PBXGroup;
			children = (
				0FFAA27229D53630007E415F /* ex01.app */,
				0FFAA28829D53632007E415F /* ex01Tests.xctest */,
				0FFAA29229D53632007E415F /* ex01UITests.xctest */,
			);
			name = Products;
			sourceTree = "<group>";
		};
		0FFAA27429D53630007E415F /* ex01 */ = {
			isa = PBXGroup;
			children = (
				0FFAA2A729D54E06007E415F /* Model */,
				0FFAA27529D53630007E415F /* AppDelegate.swift */,
				0FFAA27929D53630007E415F /* ReminderListViewController.swift */,
				0FFAA27E29D53632007E415F /* Assets.xcassets */,
				0FFAA28029D53632007E415F /* LaunchScreen.storyboard */,
				0FFAA28329D53632007E415F /* Info.plist */,
				0FFAA2B429E690C9007E415F /* Main.storyboard */,
				0FFAA2B629E69EF7007E415F /* ScannerViewController.swift */,
				0FE474CE29E7CA24003281BF /* ScanHistoryController.swift */,
				0FE474D029E7F972003281BF /* PaddingLabel.swift */,
			);
			path = ex01;
			sourceTree = "<group>";
		};
		0FFAA28B29D53632007E415F /* ex01Tests */ = {
			isa = PBXGroup;
			children = (
				0FFAA28C29D53632007E415F /* ex01Tests.swift */,
			);
			path = ex01Tests;
			sourceTree = "<group>";
		};
		0FFAA29529D53632007E415F /* ex01UITests */ = {
			isa = PBXGroup;
			children = (
				0FFAA29629D53632007E415F /* ex01UITests.swift */,
				0FFAA29829D53632007E415F /* ex01UITestsLaunchTests.swift */,
			);
			path = ex01UITests;
			sourceTree = "<group>";
		};
		0FFAA2A729D54E06007E415F /* Model */ = {
			isa = PBXGroup;
			children = (
				0FFAA2A829D54E97007E415F /* Reminder.swift */,
			);
			path = Model;
			sourceTree = "<group>";
		};
		2088EFE9B5BAB1BCA6DE6D82 /* Pods */ = {
			isa = PBXGroup;
			children = (
				298E4AC7277413CB2A620722 /* Pods-ex01.debug.xcconfig */,
				4EF7966E0111A0252EC0E3A8 /* Pods-ex01.release.xcconfig */,
				7DA688884776E1B968523EA5 /* Pods-ex01-ex01UITests.debug.xcconfig */,
				641134A44E5C7391F0975594 /* Pods-ex01-ex01UITests.release.xcconfig */,
				B37BD3CBEB05A7AFB5EFAB75 /* Pods-ex01Tests.debug.xcconfig */,
				CFD68376C1CA15C7FE5BD111 /* Pods-ex01Tests.release.xcconfig */,
			);
			path = Pods;
			sourceTree = "<group>";
		};
		C74DCB2A1C4501668AB025AF /* Frameworks */ = {
			isa = PBXGroup;
			children = (
				18B9E99BFDD6295D665C81D0 /* Pods_ex01.framework */,
				FC3E4F9997C94CCCE6A0F45B /* Pods_ex01_ex01UITests.framework */,
				2EC200CD3DF487959FC792B3 /* Pods_ex01Tests.framework */,
			);
			name = Frameworks;
			sourceTree = "<group>";
		};
/* End PBXGroup section */

/* Begin PBXNativeTarget section */
		0FFAA27129D53630007E415F /* ex01 */ = {
			isa = PBXNativeTarget;
			buildConfigurationList = 0FFAA29C29D53632007E415F /* Build configuration list for PBXNativeTarget "ex01" */;
			buildPhases = (
				DE149352BB0EC91F553922A5 /* [CP] Check Pods Manifest.lock */,
				0FFAA26E29D53630007E415F /* Sources */,
				0FFAA26F29D53630007E415F /* Frameworks */,
				0FFAA27029D53630007E415F /* Resources */,
				8EB646A227DF9A96AEEB802F /* [CP] Embed Pods Frameworks */,
			);
			buildRules = (
			);
			dependencies = (
			);
			name = ex01;
			productName = ex01;
			productReference = 0FFAA27229D53630007E415F /* ex01.app */;
			productType = "com.apple.product-type.application";
		};
		0FFAA28729D53632007E415F /* ex01Tests */ = {
			isa = PBXNativeTarget;
			buildConfigurationList = 0FFAA29F29D53632007E415F /* Build configuration list for PBXNativeTarget "ex01Tests" */;
			buildPhases = (
				93EE575B881968CAD43AA887 /* [CP] Check Pods Manifest.lock */,
				0FFAA28429D53632007E415F /* Sources */,
				0FFAA28529D53632007E415F /* Frameworks */,
				0FFAA28629D53632007E415F /* Resources */,
			);
			buildRules = (
			);
			dependencies = (
				0FFAA28A29D53632007E415F /* PBXTargetDependency */,
			);
			name = ex01Tests;
			productName = ex01Tests;
			productReference = 0FFAA28829D53632007E415F /* ex01Tests.xctest */;
			productType = "com.apple.product-type.bundle.unit-test";
		};
		0FFAA29129D53632007E415F /* ex01UITests */ = {
			isa = PBXNativeTarget;
			buildConfigurationList = 0FFAA2A229D53632007E415F /* Build configuration list for PBXNativeTarget "ex01UITests" */;
			buildPhases = (
				7D5AD912B120A0CA54DE90B8 /* [CP] Check Pods Manifest.lock */,
				0FFAA28E29D53632007E415F /* Sources */,
				0FFAA28F29D53632007E415F /* Frameworks */,
				0FFAA29029D53632007E415F /* Resources */,
				B9883397B83B7AD31D1D5340 /* [CP] Embed Pods Frameworks */,
			);
			buildRules = (
			);
			dependencies = (
				0FFAA29429D53632007E415F /* PBXTargetDependency */,
			);
			name = ex01UITests;
			productName = ex01UITests;
			productReference = 0FFAA29229D53632007E415F /* ex01UITests.xctest */;
			productType = "com.apple.product-type.bundle.ui-testing";
		};
/* End PBXNativeTarget section */

/* Begin PBXProject section */
		0FFAA26A29D53630007E415F /* Project object */ = {
			isa = PBXProject;
			attributes = {
				BuildIndependentTargetsInParallel = 1;
				LastSwiftUpdateCheck = 1420;
				LastUpgradeCheck = 1420;
				TargetAttributes = {
					0FFAA27129D53630007E415F = {
						CreatedOnToolsVersion = 14.2;
						LastSwiftMigration = 1420;
					};
					0FFAA28729D53632007E415F = {
						CreatedOnToolsVersion = 14.2;
						TestTargetID = 0FFAA27129D53630007E415F;
					};
					0FFAA29129D53632007E415F = {
						CreatedOnToolsVersion = 14.2;
						TestTargetID = 0FFAA27129D53630007E415F;
					};
				};
			};
			buildConfigurationList = 0FFAA26D29D53630007E415F /* Build configuration list for PBXProject "ex01" */;
			compatibilityVersion = "Xcode 13.0";
			developmentRegion = en;
			hasScannedForEncodings = 0;
			knownRegions = (
				en,
				Base,
			);
			mainGroup = 0FFAA26929D53630007E415F;
			productRefGroup = 0FFAA27329D53630007E415F /* Products */;
			projectDirPath = "";
			projectRoot = "";
			targets = (
				0FFAA27129D53630007E415F /* ex01 */,
				0FFAA28729D53632007E415F /* ex01Tests */,
				0FFAA29129D53632007E415F /* ex01UITests */,
			);
		};
/* End PBXProject section */

/* Begin PBXResourcesBuildPhase section */
		0FFAA27029D53630007E415F /* Resources */ = {
			isa = PBXResourcesBuildPhase;
			buildActionMask = 2147483647;
			files = (
				0FFAA2B529E690C9007E415F /* Main.storyboard in Resources */,
				0FFAA28229D53632007E415F /* LaunchScreen.storyboard in Resources */,
				0FFAA27F29D53632007E415F /* Assets.xcassets in Resources */,
			);
			runOnlyForDeploymentPostprocessing = 0;
		};
		0FFAA28629D53632007E415F /* Resources */ = {
			isa = PBXResourcesBuildPhase;
			buildActionMask = 2147483647;
			files = (
			);
			runOnlyForDeploymentPostprocessing = 0;
		};
		0FFAA29029D53632007E415F /* Resources */ = {
			isa = PBXResourcesBuildPhase;
			buildActionMask = 2147483647;
			files = (
			);
			runOnlyForDeploymentPostprocessing = 0;
		};
/* End PBXResourcesBuildPhase section */

/* Begin PBXShellScriptBuildPhase section */
		7D5AD912B120A0CA54DE90B8 /* [CP] Check Pods Manifest.lock */ = {
			isa = PBXShellScriptBuildPhase;
			buildActionMask = 2147483647;
			files = (
			);
			inputFileListPaths = (
			);
			inputPaths = (
				"${PODS_PODFILE_DIR_PATH}/Podfile.lock",
				"${PODS_ROOT}/Manifest.lock",
			);
			name = "[CP] Check Pods Manifest.lock";
			outputFileListPaths = (
			);
			outputPaths = (
				"$(DERIVED_FILE_DIR)/Pods-ex01-ex01UITests-checkManifestLockResult.txt",
			);
			runOnlyForDeploymentPostprocessing = 0;
			shellPath = /bin/sh;
			shellScript = "diff \"${PODS_PODFILE_DIR_PATH}/Podfile.lock\" \"${PODS_ROOT}/Manifest.lock\" > /dev/null\nif [ $? != 0 ] ; then\n    # print error to STDERR\n    echo \"error: The sandbox is not in sync with the Podfile.lock. Run 'pod install' or update your CocoaPods installation.\" >&2\n    exit 1\nfi\n# This output is used by Xcode 'outputs' to avoid re-running this script phase.\necho \"SUCCESS\" > \"${SCRIPT_OUTPUT_FILE_0}\"\n";
			showEnvVarsInLog = 0;
		};
		8EB646A227DF9A96AEEB802F /* [CP] Embed Pods Frameworks */ = {
			isa = PBXShellScriptBuildPhase;
			buildActionMask = 2147483647;
			files = (
			);
			inputFileListPaths = (
				"${PODS_ROOT}/Target Support Files/Pods-ex01/Pods-ex01-frameworks-${CONFIGURATION}-input-files.xcfilelist",
			);
			name = "[CP] Embed Pods Frameworks";
			outputFileListPaths = (
				"${PODS_ROOT}/Target Support Files/Pods-ex01/Pods-ex01-frameworks-${CONFIGURATION}-output-files.xcfilelist",
			);
			runOnlyForDeploymentPostprocessing = 0;
			shellPath = /bin/sh;
			shellScript = "\"${PODS_ROOT}/Target Support Files/Pods-ex01/Pods-ex01-frameworks.sh\"\n";
			showEnvVarsInLog = 0;
		};
		93EE575B881968CAD43AA887 /* [CP] Check Pods Manifest.lock */ = {
			isa = PBXShellScriptBuildPhase;
			buildActionMask = 2147483647;
			files = (
			);
			inputFileListPaths = (
			);
			inputPaths = (
				"${PODS_PODFILE_DIR_PATH}/Podfile.lock",
				"${PODS_ROOT}/Manifest.lock",
			);
			name = "[CP] Check Pods Manifest.lock";
			outputFileListPaths = (
			);
			outputPaths = (
				"$(DERIVED_FILE_DIR)/Pods-ex01Tests-checkManifestLockResult.txt",
			);
			runOnlyForDeploymentPostprocessing = 0;
			shellPath = /bin/sh;
			shellScript = "diff \"${PODS_PODFILE_DIR_PATH}/Podfile.lock\" \"${PODS_ROOT}/Manifest.lock\" > /dev/null\nif [ $? != 0 ] ; then\n    # print error to STDERR\n    echo \"error: The sandbox is not in sync with the Podfile.lock. Run 'pod install' or update your CocoaPods installation.\" >&2\n    exit 1\nfi\n# This output is used by Xcode 'outputs' to avoid re-running this script phase.\necho \"SUCCESS\" > \"${SCRIPT_OUTPUT_FILE_0}\"\n";
			showEnvVarsInLog = 0;
		};
		B9883397B83B7AD31D1D5340 /* [CP] Embed Pods Frameworks */ = {
			isa = PBXShellScriptBuildPhase;
			buildActionMask = 2147483647;
			files = (
			);
			inputFileListPaths = (
				"${PODS_ROOT}/Target Support Files/Pods-ex01-ex01UITests/Pods-ex01-ex01UITests-frameworks-${CONFIGURATION}-input-files.xcfilelist",
			);
			name = "[CP] Embed Pods Frameworks";
			outputFileListPaths = (
				"${PODS_ROOT}/Target Support Files/Pods-ex01-ex01UITests/Pods-ex01-ex01UITests-frameworks-${CONFIGURATION}-output-files.xcfilelist",
			);
			runOnlyForDeploymentPostprocessing = 0;
			shellPath = /bin/sh;
			shellScript = "\"${PODS_ROOT}/Target Support Files/Pods-ex01-ex01UITests/Pods-ex01-ex01UITests-frameworks.sh\"\n";
			showEnvVarsInLog = 0;
		};
		DE149352BB0EC91F553922A5 /* [CP] Check Pods Manifest.lock */ = {
			isa = PBXShellScriptBuildPhase;
			buildActionMask = 2147483647;
			files = (
			);
			inputFileListPaths = (
			);
			inputPaths = (
				"${PODS_PODFILE_DIR_PATH}/Podfile.lock",
				"${PODS_ROOT}/Manifest.lock",
			);
			name = "[CP] Check Pods Manifest.lock";
			outputFileListPaths = (
			);
			outputPaths = (
				"$(DERIVED_FILE_DIR)/Pods-ex01-checkManifestLockResult.txt",
			);
			runOnlyForDeploymentPostprocessing = 0;
			shellPath = /bin/sh;
			shellScript = "diff \"${PODS_PODFILE_DIR_PATH}/Podfile.lock\" \"${PODS_ROOT}/Manifest.lock\" > /dev/null\nif [ $? != 0 ] ; then\n    # print error to STDERR\n    echo \"error: The sandbox is not in sync with the Podfile.lock. Run 'pod install' or update your CocoaPods installation.\" >&2\n    exit 1\nfi\n# This output is used by Xcode 'outputs' to avoid re-running this script phase.\necho \"SUCCESS\" > \"${SCRIPT_OUTPUT_FILE_0}\"\n";
			showEnvVarsInLog = 0;
		};
/* End PBXShellScriptBuildPhase section */

/* Begin PBXSourcesBuildPhase section */
		0FFAA26E29D53630007E415F /* Sources */ = {
			isa = PBXSourcesBuildPhase;
			buildActionMask = 2147483647;
			files = (
				0FE474D129E7F972003281BF /* PaddingLabel.swift in Sources */,
				0FE474CF29E7CA24003281BF /* ScanHistoryController.swift in Sources */,
				0FFAA2A929D54E97007E415F /* Reminder.swift in Sources */,
				0FFAA27A29D53630007E415F /* ReminderListViewController.swift in Sources */,
				0FFAA27629D53630007E415F /* AppDelegate.swift in Sources */,
				0FFAA2B729E69EF7007E415F /* ScannerViewController.swift in Sources */,
			);
			runOnlyForDeploymentPostprocessing = 0;
		};
		0FFAA28429D53632007E415F /* Sources */ = {
			isa = PBXSourcesBuildPhase;
			buildActionMask = 2147483647;
			files = (
				0FFAA28D29D53632007E415F /* ex01Tests.swift in Sources */,
			);
			runOnlyForDeploymentPostprocessing = 0;
		};
		0FFAA28E29D53632007E415F /* Sources */ = {
			isa = PBXSourcesBuildPhase;
			buildActionMask = 2147483647;
			files = (
				0FFAA29929D53632007E415F /* ex01UITestsLaunchTests.swift in Sources */,
				0FFAA29729D53632007E415F /* ex01UITests.swift in Sources */,
			);
			runOnlyForDeploymentPostprocessing = 0;
		};
/* End PBXSourcesBuildPhase section */

/* Begin PBXTargetDependency section */
		0FFAA28A29D53632007E415F /* PBXTargetDependency */ = {
			isa = PBXTargetDependency;
			target = 0FFAA27129D53630007E415F /* ex01 */;
			targetProxy = 0FFAA28929D53632007E415F /* PBXContainerItemProxy */;
		};
		0FFAA29429D53632007E415F /* PBXTargetDependency */ = {
			isa = PBXTargetDependency;
			target = 0FFAA27129D53630007E415F /* ex01 */;
			targetProxy = 0FFAA29329D53632007E415F /* PBXContainerItemProxy */;
		};
/* End PBXTargetDependency section */

/* Begin PBXVariantGroup section */
		0FFAA28029D53632007E415F /* LaunchScreen.storyboard */ = {
			isa = PBXVariantGroup;
			children = (
				0FFAA28129D53632007E415F /* Base */,
			);
			name = LaunchScreen.storyboard;
			sourceTree = "<group>";
		};
/* End PBXVariantGroup section */

/* Begin XCBuildConfiguration section */
		0FFAA29A29D53632007E415F /* Debug */ = {
			isa = XCBuildConfiguration;
			buildSettings = {
				ALWAYS_SEARCH_USER_PATHS = NO;
				CLANG_ANALYZER_NONNULL = YES;
				CLANG_ANALYZER_NUMBER_OBJECT_CONVERSION = YES_AGGRESSIVE;
				CLANG_CXX_LANGUAGE_STANDARD = "gnu++20";
				CLANG_ENABLE_MODULES = YES;
				CLANG_ENABLE_OBJC_ARC = YES;
				CLANG_ENABLE_OBJC_WEAK = YES;
				CLANG_WARN_BLOCK_CAPTURE_AUTORELEASING = YES;
				CLANG_WARN_BOOL_CONVERSION = YES;
				CLANG_WARN_COMMA = YES;
				CLANG_WARN_CONSTANT_CONVERSION = YES;
				CLANG_WARN_DEPRECATED_OBJC_IMPLEMENTATIONS = YES;
				CLANG_WARN_DIRECT_OBJC_ISA_USAGE = YES_ERROR;
				CLANG_WARN_DOCUMENTATION_COMMENTS = YES;
				CLANG_WARN_EMPTY_BODY = YES;
				CLANG_WARN_ENUM_CONVERSION = YES;
				CLANG_WARN_INFINITE_RECURSION = YES;
				CLANG_WARN_INT_CONVERSION = YES;
				CLANG_WARN_NON_LITERAL_NULL_CONVERSION = YES;
				CLANG_WARN_OBJC_IMPLICIT_RETAIN_SELF = YES;
				CLANG_WARN_OBJC_LITERAL_CONVERSION = YES;
				CLANG_WARN_OBJC_ROOT_CLASS = YES_ERROR;
				CLANG_WARN_QUOTED_INCLUDE_IN_FRAMEWORK_HEADER = YES;
				CLANG_WARN_RANGE_LOOP_ANALYSIS = YES;
				CLANG_WARN_STRICT_PROTOTYPES = YES;
				CLANG_WARN_SUSPICIOUS_MOVE = YES;
				CLANG_WARN_UNGUARDED_AVAILABILITY = YES_AGGRESSIVE;
				CLANG_WARN_UNREACHABLE_CODE = YES;
				CLANG_WARN__DUPLICATE_METHOD_MATCH = YES;
				COPY_PHASE_STRIP = NO;
				DEBUG_INFORMATION_FORMAT = dwarf;
				ENABLE_STRICT_OBJC_MSGSEND = YES;
				ENABLE_TESTABILITY = YES;
				GCC_C_LANGUAGE_STANDARD = gnu11;
				GCC_DYNAMIC_NO_PIC = NO;
				GCC_NO_COMMON_BLOCKS = YES;
				GCC_OPTIMIZATION_LEVEL = 0;
				GCC_PREPROCESSOR_DEFINITIONS = (
					"DEBUG=1",
					"$(inherited)",
				);
				GCC_WARN_64_TO_32_BIT_CONVERSION = YES;
				GCC_WARN_ABOUT_RETURN_TYPE = YES_ERROR;
				GCC_WARN_UNDECLARED_SELECTOR = YES;
				GCC_WARN_UNINITIALIZED_AUTOS = YES_AGGRESSIVE;
				GCC_WARN_UNUSED_FUNCTION = YES;
				GCC_WARN_UNUSED_VARIABLE = YES;
				IPHONEOS_DEPLOYMENT_TARGET = 11.2;
				MTL_ENABLE_DEBUG_INFO = INCLUDE_SOURCE;
				MTL_FAST_MATH = YES;
				ONLY_ACTIVE_ARCH = YES;
				SDKROOT = iphoneos;
				SWIFT_ACTIVE_COMPILATION_CONDITIONS = DEBUG;
				SWIFT_OPTIMIZATION_LEVEL = "-Onone";
			};
			name = Debug;
		};
		0FFAA29B29D53632007E415F /* Release */ = {
			isa = XCBuildConfiguration;
			buildSettings = {
				ALWAYS_SEARCH_USER_PATHS = NO;
				CLANG_ANALYZER_NONNULL = YES;
				CLANG_ANALYZER_NUMBER_OBJECT_CONVERSION = YES_AGGRESSIVE;
				CLANG_CXX_LANGUAGE_STANDARD = "gnu++20";
				CLANG_ENABLE_MODULES = YES;
				CLANG_ENABLE_OBJC_ARC = YES;
				CLANG_ENABLE_OBJC_WEAK = YES;
				CLANG_WARN_BLOCK_CAPTURE_AUTORELEASING = YES;
				CLANG_WARN_BOOL_CONVERSION = YES;
				CLANG_WARN_COMMA = YES;
				CLANG_WARN_CONSTANT_CONVERSION = YES;
				CLANG_WARN_DEPRECATED_OBJC_IMPLEMENTATIONS = YES;
				CLANG_WARN_DIRECT_OBJC_ISA_USAGE = YES_ERROR;
				CLANG_WARN_DOCUMENTATION_COMMENTS = YES;
				CLANG_WARN_EMPTY_BODY = YES;
				CLANG_WARN_ENUM_CONVERSION = YES;
				CLANG_WARN_INFINITE_RECURSION = YES;
				CLANG_WARN_INT_CONVERSION = YES;
				CLANG_WARN_NON_LITERAL_NULL_CONVERSION = YES;
				CLANG_WARN_OBJC_IMPLICIT_RETAIN_SELF = YES;
				CLANG_WARN_OBJC_LITERAL_CONVERSION = YES;
				CLANG_WARN_OBJC_ROOT_CLASS = YES_ERROR;
				CLANG_WARN_QUOTED_INCLUDE_IN_FRAMEWORK_HEADER = YES;
				CLANG_WARN_RANGE_LOOP_ANALYSIS = YES;
				CLANG_WARN_STRICT_PROTOTYPES = YES;
				CLANG_WARN_SUSPICIOUS_MOVE = YES;
				CLANG_WARN_UNGUARDED_AVAILABILITY = YES_AGGRESSIVE;
				CLANG_WARN_UNREACHABLE_CODE = YES;
				CLANG_WARN__DUPLICATE_METHOD_MATCH = YES;
				COPY_PHASE_STRIP = NO;
				DEBUG_INFORMATION_FORMAT = "dwarf-with-dsym";
				ENABLE_NS_ASSERTIONS = NO;
				ENABLE_STRICT_OBJC_MSGSEND = YES;
				GCC_C_LANGUAGE_STANDARD = gnu11;
				GCC_NO_COMMON_BLOCKS = YES;
				GCC_WARN_64_TO_32_BIT_CONVERSION = YES;
				GCC_WARN_ABOUT_RETURN_TYPE = YES_ERROR;
				GCC_WARN_UNDECLARED_SELECTOR = YES;
				GCC_WARN_UNINITIALIZED_AUTOS = YES_AGGRESSIVE;
				GCC_WARN_UNUSED_FUNCTION = YES;
				GCC_WARN_UNUSED_VARIABLE = YES;
				IPHONEOS_DEPLOYMENT_TARGET = 11.2;
				MTL_ENABLE_DEBUG_INFO = NO;
				MTL_FAST_MATH = YES;
				SDKROOT = iphoneos;
				SWIFT_COMPILATION_MODE = wholemodule;
				SWIFT_OPTIMIZATION_LEVEL = "-O";
				VALIDATE_PRODUCT = YES;
			};
			name = Release;
		};
		0FFAA29D29D53632007E415F /* Debug */ = {
			isa = XCBuildConfiguration;
			baseConfigurationReference = 298E4AC7277413CB2A620722 /* Pods-ex01.debug.xcconfig */;
			buildSettings = {
				ASSETCATALOG_COMPILER_APPICON_NAME = AppIcon;
				ASSETCATALOG_COMPILER_GLOBAL_ACCENT_COLOR_NAME = AccentColor;
				CLANG_ENABLE_MODULES = YES;
				CODE_SIGN_STYLE = Automatic;
				CURRENT_PROJECT_VERSION = 1;
				DEVELOPMENT_TEAM = R3STSY8BBX;
				GENERATE_INFOPLIST_FILE = YES;
				INFOPLIST_FILE = ex01/Info.plist;
				INFOPLIST_KEY_NSCameraUsageDescription = "\"카메라 권한이 필요합니다\"";
				INFOPLIST_KEY_UIApplicationSupportsIndirectInputEvents = YES;
				INFOPLIST_KEY_UILaunchStoryboardName = LaunchScreen;
				INFOPLIST_KEY_UIMainStoryboardFile = Main;
				INFOPLIST_KEY_UISupportedInterfaceOrientations_iPad = "UIInterfaceOrientationPortrait UIInterfaceOrientationPortraitUpsideDown UIInterfaceOrientationLandscapeLeft UIInterfaceOrientationLandscapeRight";
				INFOPLIST_KEY_UISupportedInterfaceOrientations_iPhone = "UIInterfaceOrientationPortrait UIInterfaceOrientationLandscapeLeft UIInterfaceOrientationLandscapeRight";
				IPHONEOS_DEPLOYMENT_TARGET = 11.2;
				LD_RUNPATH_SEARCH_PATHS = (
					"$(inherited)",
					"@executable_path/Frameworks",
				);
				MARKETING_VERSION = 1.0.0;
				PRODUCT_BUNDLE_IDENTIFIER = com.min.ex01;
				PRODUCT_NAME = "$(TARGET_NAME)";
				SWIFT_EMIT_LOC_STRINGS = YES;
				SWIFT_OPTIMIZATION_LEVEL = "-Onone";
				SWIFT_VERSION = 5.0;
				TARGETED_DEVICE_FAMILY = "1,2";
			};
			name = Debug;
		};
		0FFAA29E29D53632007E415F /* Release */ = {
			isa = XCBuildConfiguration;
			baseConfigurationReference = 4EF7966E0111A0252EC0E3A8 /* Pods-ex01.release.xcconfig */;
			buildSettings = {
				ASSETCATALOG_COMPILER_APPICON_NAME = AppIcon;
				ASSETCATALOG_COMPILER_GLOBAL_ACCENT_COLOR_NAME = AccentColor;
				CLANG_ENABLE_MODULES = YES;
				CODE_SIGN_STYLE = Automatic;
				CURRENT_PROJECT_VERSION = 1;
				DEVELOPMENT_TEAM = R3STSY8BBX;
				GENERATE_INFOPLIST_FILE = YES;
				INFOPLIST_FILE = ex01/Info.plist;
				INFOPLIST_KEY_NSCameraUsageDescription = "\"카메라 권한이 필요합니다\"";
				INFOPLIST_KEY_UIApplicationSupportsIndirectInputEvents = YES;
				INFOPLIST_KEY_UILaunchStoryboardName = LaunchScreen;
				INFOPLIST_KEY_UIMainStoryboardFile = Main;
				INFOPLIST_KEY_UISupportedInterfaceOrientations_iPad = "UIInterfaceOrientationPortrait UIInterfaceOrientationPortraitUpsideDown UIInterfaceOrientationLandscapeLeft UIInterfaceOrientationLandscapeRight";
				INFOPLIST_KEY_UISupportedInterfaceOrientations_iPhone = "UIInterfaceOrientationPortrait UIInterfaceOrientationLandscapeLeft UIInterfaceOrientationLandscapeRight";
				IPHONEOS_DEPLOYMENT_TARGET = 11.2;
				LD_RUNPATH_SEARCH_PATHS = (
					"$(inherited)",
					"@executable_path/Frameworks",
				);
				MARKETING_VERSION = 1.0.0;
				PRODUCT_BUNDLE_IDENTIFIER = com.min.ex01;
				PRODUCT_NAME = "$(TARGET_NAME)";
				SWIFT_EMIT_LOC_STRINGS = YES;
				SWIFT_VERSION = 5.0;
				TARGETED_DEVICE_FAMILY = "1,2";
			};
			name = Release;
		};
		0FFAA2A029D53632007E415F /* Debug */ = {
			isa = XCBuildConfiguration;
			baseConfigurationReference = B37BD3CBEB05A7AFB5EFAB75 /* Pods-ex01Tests.debug.xcconfig */;
			buildSettings = {
				ALWAYS_EMBED_SWIFT_STANDARD_LIBRARIES = YES;
				BUNDLE_LOADER = "$(TEST_HOST)";
				CODE_SIGN_STYLE = Automatic;
				CURRENT_PROJECT_VERSION = 1;
				DEVELOPMENT_TEAM = R3STSY8BBX;
				GENERATE_INFOPLIST_FILE = YES;
				IPHONEOS_DEPLOYMENT_TARGET = 16.2;
				MARKETING_VERSION = 1.0;
				PRODUCT_BUNDLE_IDENTIFIER = com.min.ex01Tests;
				PRODUCT_NAME = "$(TARGET_NAME)";
				SWIFT_EMIT_LOC_STRINGS = NO;
				SWIFT_VERSION = 5.0;
				TARGETED_DEVICE_FAMILY = "1,2";
				TEST_HOST = "$(BUILT_PRODUCTS_DIR)/ex01.app/$(BUNDLE_EXECUTABLE_FOLDER_PATH)/ex01";
			};
			name = Debug;
		};
		0FFAA2A129D53632007E415F /* Release */ = {
			isa = XCBuildConfiguration;
			baseConfigurationReference = CFD68376C1CA15C7FE5BD111 /* Pods-ex01Tests.release.xcconfig */;
			buildSettings = {
				ALWAYS_EMBED_SWIFT_STANDARD_LIBRARIES = YES;
				BUNDLE_LOADER = "$(TEST_HOST)";
				CODE_SIGN_STYLE = Automatic;
				CURRENT_PROJECT_VERSION = 1;
				DEVELOPMENT_TEAM = R3STSY8BBX;
				GENERATE_INFOPLIST_FILE = YES;
				IPHONEOS_DEPLOYMENT_TARGET = 16.2;
				MARKETING_VERSION = 1.0;
				PRODUCT_BUNDLE_IDENTIFIER = com.min.ex01Tests;
				PRODUCT_NAME = "$(TARGET_NAME)";
				SWIFT_EMIT_LOC_STRINGS = NO;
				SWIFT_VERSION = 5.0;
				TARGETED_DEVICE_FAMILY = "1,2";
				TEST_HOST = "$(BUILT_PRODUCTS_DIR)/ex01.app/$(BUNDLE_EXECUTABLE_FOLDER_PATH)/ex01";
			};
			name = Release;
		};
		0FFAA2A329D53632007E415F /* Debug */ = {
			isa = XCBuildConfiguration;
			baseConfigurationReference = 7DA688884776E1B968523EA5 /* Pods-ex01-ex01UITests.debug.xcconfig */;
			buildSettings = {
				ALWAYS_EMBED_SWIFT_STANDARD_LIBRARIES = YES;
				CODE_SIGN_STYLE = Automatic;
				CURRENT_PROJECT_VERSION = 1;
				DEVELOPMENT_TEAM = R3STSY8BBX;
				GENERATE_INFOPLIST_FILE = YES;
				MARKETING_VERSION = 1.0;
				PRODUCT_BUNDLE_IDENTIFIER = com.min.ex01UITests;
				PRODUCT_NAME = "$(TARGET_NAME)";
				SWIFT_EMIT_LOC_STRINGS = NO;
				SWIFT_VERSION = 5.0;
				TARGETED_DEVICE_FAMILY = "1,2";
				TEST_TARGET_NAME = ex01;
			};
			name = Debug;
		};
		0FFAA2A429D53632007E415F /* Release */ = {
			isa = XCBuildConfiguration;
			baseConfigurationReference = 641134A44E5C7391F0975594 /* Pods-ex01-ex01UITests.release.xcconfig */;
			buildSettings = {
				ALWAYS_EMBED_SWIFT_STANDARD_LIBRARIES = YES;
				CODE_SIGN_STYLE = Automatic;
				CURRENT_PROJECT_VERSION = 1;
				DEVELOPMENT_TEAM = R3STSY8BBX;
				GENERATE_INFOPLIST_FILE = YES;
				MARKETING_VERSION = 1.0;
				PRODUCT_BUNDLE_IDENTIFIER = com.min.ex01UITests;
				PRODUCT_NAME = "$(TARGET_NAME)";
				SWIFT_EMIT_LOC_STRINGS = NO;
				SWIFT_VERSION = 5.0;
				TARGETED_DEVICE_FAMILY = "1,2";
				TEST_TARGET_NAME = ex01;
			};
			name = Release;
		};
/* End XCBuildConfiguration section */

/* Begin XCConfigurationList section */
		0FFAA26D29D53630007E415F /* Build configuration list for PBXProject "ex01" */ = {
			isa = XCConfigurationList;
			buildConfigurations = (
				0FFAA29A29D53632007E415F /* Debug */,
				0FFAA29B29D53632007E415F /* Release */,
			);
			defaultConfigurationIsVisible = 0;
			defaultConfigurationName = Release;
		};
		0FFAA29C29D53632007E415F /* Build configuration list for PBXNativeTarget "ex01" */ = {
			isa = XCConfigurationList;
			buildConfigurations = (
				0FFAA29D29D53632007E415F /* Debug */,
				0FFAA29E29D53632007E415F /* Release */,
			);
			defaultConfigurationIsVisible = 0;
			defaultConfigurationName = Release;
		};
		0FFAA29F29D53632007E415F /* Build configuration list for PBXNativeTarget "ex01Tests" */ = {
			isa = XCConfigurationList;
			buildConfigurations = (
				0FFAA2A029D53632007E415F /* Debug */,
				0FFAA2A129D53632007E415F /* Release */,
			);
			defaultConfigurationIsVisible = 0;
			defaultConfigurationName = Release;
		};
		0FFAA2A229D53632007E415F /* Build configuration list for PBXNativeTarget "ex01UITests" */ = {
			isa = XCConfigurationList;
			buildConfigurations = (
				0FFAA2A329D53632007E415F /* Debug */,
				0FFAA2A429D53632007E415F /* Release */,
			);
			defaultConfigurationIsVisible = 0;
			defaultConfigurationName = Release;
		};
/* End XCConfigurationList section */
	};
	rootObject = 0FFAA26A29D53630007E415F /* Project object */;
}
